// !$*UTF8*$!
{
	archiveVersion = 1;
	classes = {
	};
	objectVersion = 51;
	objects = {

/* Begin PBXBuildFile section */
		A382BFA88594E6EDF4310924 /* Pods_Launchpad.framework in Frameworks */ = {isa = PBXBuildFile; fileRef = AEE6EFD63B22F69921A3EF9E /* Pods_Launchpad.framework */; };
		C5508E3824B14578009E57E0 /* Launch.swift in Sources */ = {isa = PBXBuildFile; fileRef = C5508E3724B14578009E57E0 /* Launch.swift */; };
		C5508E3A24B168F2009E57E0 /* Payload.swift in Sources */ = {isa = PBXBuildFile; fileRef = C5508E3924B168F2009E57E0 /* Payload.swift */; };
		C5508E3C24B1F59E009E57E0 /* Launches.swift in Sources */ = {isa = PBXBuildFile; fileRef = C5508E3B24B1F59E009E57E0 /* Launches.swift */; };
		C5508E3E24B22053009E57E0 /* LaunchDetailViewController.swift in Sources */ = {isa = PBXBuildFile; fileRef = C5508E3D24B22053009E57E0 /* LaunchDetailViewController.swift */; };
		C5508E4024B26FDE009E57E0 /* VehicleDetailViewController.swift in Sources */ = {isa = PBXBuildFile; fileRef = C5508E3F24B26FDE009E57E0 /* VehicleDetailViewController.swift */; };
		C563B89424B126CB009293A4 /* AppDelegate.swift in Sources */ = {isa = PBXBuildFile; fileRef = C563B89324B126CB009293A4 /* AppDelegate.swift */; };
		C563B89624B126CB009293A4 /* SceneDelegate.swift in Sources */ = {isa = PBXBuildFile; fileRef = C563B89524B126CB009293A4 /* SceneDelegate.swift */; };
		C563B89824B126CB009293A4 /* ViewController.swift in Sources */ = {isa = PBXBuildFile; fileRef = C563B89724B126CB009293A4 /* ViewController.swift */; };
		C563B89B24B126CB009293A4 /* Main.storyboard in Resources */ = {isa = PBXBuildFile; fileRef = C563B89924B126CB009293A4 /* Main.storyboard */; };
		C563B89D24B126CD009293A4 /* Assets.xcassets in Resources */ = {isa = PBXBuildFile; fileRef = C563B89C24B126CD009293A4 /* Assets.xcassets */; };
		C563B8A024B126CD009293A4 /* LaunchScreen.storyboard in Resources */ = {isa = PBXBuildFile; fileRef = C563B89E24B126CD009293A4 /* LaunchScreen.storyboard */; };
		C563B8AC24B13148009293A4 /* LaunchCell.swift in Sources */ = {isa = PBXBuildFile; fileRef = C563B8AB24B13148009293A4 /* LaunchCell.swift */; };
/* End PBXBuildFile section */

/* Begin PBXFileReference section */
		603B0F1BAAED97AE304E11F6 /* Pods-Launchpad.release.xcconfig */ = {isa = PBXFileReference; includeInIndex = 1; lastKnownFileType = text.xcconfig; name = "Pods-Launchpad.release.xcconfig"; path = "Target Support Files/Pods-Launchpad/Pods-Launchpad.release.xcconfig"; sourceTree = "<group>"; };
		8B8CA8781EF0BA57E7175CDD /* Pods-Launchpad.debug.xcconfig */ = {isa = PBXFileReference; includeInIndex = 1; lastKnownFileType = text.xcconfig; name = "Pods-Launchpad.debug.xcconfig"; path = "Target Support Files/Pods-Launchpad/Pods-Launchpad.debug.xcconfig"; sourceTree = "<group>"; };
		AEE6EFD63B22F69921A3EF9E /* Pods_Launchpad.framework */ = {isa = PBXFileReference; explicitFileType = wrapper.framework; includeInIndex = 0; path = Pods_Launchpad.framework; sourceTree = BUILT_PRODUCTS_DIR; };
		C5508E3724B14578009E57E0 /* Launch.swift */ = {isa = PBXFileReference; lastKnownFileType = sourcecode.swift; path = Launch.swift; sourceTree = "<group>"; };
		C5508E3924B168F2009E57E0 /* Payload.swift */ = {isa = PBXFileReference; lastKnownFileType = sourcecode.swift; path = Payload.swift; sourceTree = "<group>"; };
		C5508E3B24B1F59E009E57E0 /* Launches.swift */ = {isa = PBXFileReference; lastKnownFileType = sourcecode.swift; path = Launches.swift; sourceTree = "<group>"; };
		C5508E3D24B22053009E57E0 /* LaunchDetailViewController.swift */ = {isa = PBXFileReference; lastKnownFileType = sourcecode.swift; path = LaunchDetailViewController.swift; sourceTree = "<group>"; };
		C5508E3F24B26FDE009E57E0 /* VehicleDetailViewController.swift */ = {isa = PBXFileReference; lastKnownFileType = sourcecode.swift; path = VehicleDetailViewController.swift; sourceTree = "<group>"; };
		C563B89024B126CB009293A4 /* Launchpad.app */ = {isa = PBXFileReference; explicitFileType = wrapper.application; includeInIndex = 0; path = Launchpad.app; sourceTree = BUILT_PRODUCTS_DIR; };
		C563B89324B126CB009293A4 /* AppDelegate.swift */ = {isa = PBXFileReference; lastKnownFileType = sourcecode.swift; path = AppDelegate.swift; sourceTree = "<group>"; };
		C563B89524B126CB009293A4 /* SceneDelegate.swift */ = {isa = PBXFileReference; lastKnownFileType = sourcecode.swift; path = SceneDelegate.swift; sourceTree = "<group>"; };
		C563B89724B126CB009293A4 /* ViewController.swift */ = {isa = PBXFileReference; lastKnownFileType = sourcecode.swift; path = ViewController.swift; sourceTree = "<group>"; };
		C563B89A24B126CB009293A4 /* Base */ = {isa = PBXFileReference; lastKnownFileType = file.storyboard; name = Base; path = Base.lproj/Main.storyboard; sourceTree = "<group>"; };
		C563B89C24B126CD009293A4 /* Assets.xcassets */ = {isa = PBXFileReference; lastKnownFileType = folder.assetcatalog; path = Assets.xcassets; sourceTree = "<group>"; };
		C563B89F24B126CD009293A4 /* Base */ = {isa = PBXFileReference; lastKnownFileType = file.storyboard; name = Base; path = Base.lproj/LaunchScreen.storyboard; sourceTree = "<group>"; };
		C563B8A124B126CD009293A4 /* Info.plist */ = {isa = PBXFileReference; lastKnownFileType = text.plist.xml; path = Info.plist; sourceTree = "<group>"; };
		C563B8AB24B13148009293A4 /* LaunchCell.swift */ = {isa = PBXFileReference; lastKnownFileType = sourcecode.swift; path = LaunchCell.swift; sourceTree = "<group>"; };
/* End PBXFileReference section */

/* Begin PBXFrameworksBuildPhase section */
		C563B88D24B126CB009293A4 /* Frameworks */ = {
			isa = PBXFrameworksBuildPhase;
			buildActionMask = 2147483647;
			files = (
				A382BFA88594E6EDF4310924 /* Pods_Launchpad.framework in Frameworks */,
			);
			runOnlyForDeploymentPostprocessing = 0;
		};
/* End PBXFrameworksBuildPhase section */

/* Begin PBXGroup section */
		68FCD6A9326C2D60E92BD1A3 /* Pods */ = {
			isa = PBXGroup;
			children = (
				8B8CA8781EF0BA57E7175CDD /* Pods-Launchpad.debug.xcconfig */,
				603B0F1BAAED97AE304E11F6 /* Pods-Launchpad.release.xcconfig */,
			);
			path = Pods;
			sourceTree = "<group>";
		};
		6B76E73299AF5FBA667EA05F /* Frameworks */ = {
			isa = PBXGroup;
			children = (
				AEE6EFD63B22F69921A3EF9E /* Pods_Launchpad.framework */,
			);
			name = Frameworks;
			sourceTree = "<group>";
		};
		C563B88724B126CB009293A4 = {
			isa = PBXGroup;
			children = (
				C563B89224B126CB009293A4 /* Launchpad */,
				C563B89124B126CB009293A4 /* Products */,
				68FCD6A9326C2D60E92BD1A3 /* Pods */,
				6B76E73299AF5FBA667EA05F /* Frameworks */,
			);
			sourceTree = "<group>";
		};
		C563B89124B126CB009293A4 /* Products */ = {
			isa = PBXGroup;
			children = (
				C563B89024B126CB009293A4 /* Launchpad.app */,
			);
			name = Products;
			sourceTree = "<group>";
		};
		C563B89224B126CB009293A4 /* Launchpad */ = {
			isa = PBXGroup;
			children = (
				C563B89324B126CB009293A4 /* AppDelegate.swift */,
				C563B89524B126CB009293A4 /* SceneDelegate.swift */,
				C563B89724B126CB009293A4 /* ViewController.swift */,
				C5508E3B24B1F59E009E57E0 /* Launches.swift */,
				C563B8AB24B13148009293A4 /* LaunchCell.swift */,
				C5508E3724B14578009E57E0 /* Launch.swift */,
				C5508E3924B168F2009E57E0 /* Payload.swift */,
				C5508E3D24B22053009E57E0 /* LaunchDetailViewController.swift */,
				C563B89924B126CB009293A4 /* Main.storyboard */,
				C5508E3F24B26FDE009E57E0 /* VehicleDetailViewController.swift */,
				C563B89C24B126CD009293A4 /* Assets.xcassets */,
				C563B89E24B126CD009293A4 /* LaunchScreen.storyboard */,
				C563B8A124B126CD009293A4 /* Info.plist */,
			);
			path = Launchpad;
			sourceTree = "<group>";
		};
/* End PBXGroup section */

/* Begin PBXNativeTarget section */
		C563B88F24B126CB009293A4 /* Launchpad */ = {
			isa = PBXNativeTarget;
			buildConfigurationList = C563B8A424B126CD009293A4 /* Build configuration list for PBXNativeTarget "Launchpad" */;
			buildPhases = (
				E31C979CAC061661BA1472FD /* [CP] Check Pods Manifest.lock */,
				C563B88C24B126CB009293A4 /* Sources */,
				C563B88D24B126CB009293A4 /* Frameworks */,
				C563B88E24B126CB009293A4 /* Resources */,
				F90F7AF035D589C36DFD6C92 /* [CP] Embed Pods Frameworks */,
			);
			buildRules = (
			);
			dependencies = (
			);
			name = Launchpad;
			productName = Launchpad;
			productReference = C563B89024B126CB009293A4 /* Launchpad.app */;
			productType = "com.apple.product-type.application";
		};
/* End PBXNativeTarget section */

/* Begin PBXProject section */
		C563B88824B126CB009293A4 /* Project object */ = {
			isa = PBXProject;
			attributes = {
				LastSwiftUpdateCheck = 1140;
				LastUpgradeCheck = 1140;
				ORGANIZATIONNAME = "Carter Borchetta";
				TargetAttributes = {
					C563B88F24B126CB009293A4 = {
						CreatedOnToolsVersion = 11.4;
					};
				};
			};
			buildConfigurationList = C563B88B24B126CB009293A4 /* Build configuration list for PBXProject "Launchpad" */;
			compatibilityVersion = "Xcode 9.3";
			developmentRegion = en;
			hasScannedForEncodings = 0;
			knownRegions = (
				en,
				Base,
			);
			mainGroup = C563B88724B126CB009293A4;
			productRefGroup = C563B89124B126CB009293A4 /* Products */;
			projectDirPath = "";
			projectRoot = "";
			targets = (
				C563B88F24B126CB009293A4 /* Launchpad */,
			);
		};
/* End PBXProject section */

/* Begin PBXResourcesBuildPhase section */
		C563B88E24B126CB009293A4 /* Resources */ = {
			isa = PBXResourcesBuildPhase;
			buildActionMask = 2147483647;
			files = (
				C563B8A024B126CD009293A4 /* LaunchScreen.storyboard in Resources */,
				C563B89D24B126CD009293A4 /* Assets.xcassets in Resources */,
				C563B89B24B126CB009293A4 /* Main.storyboard in Resources */,
			);
			runOnlyForDeploymentPostprocessing = 0;
		};
/* End PBXResourcesBuildPhase section */

/* Begin PBXShellScriptBuildPhase section */
		E31C979CAC061661BA1472FD /* [CP] Check Pods Manifest.lock */ = {
			isa = PBXShellScriptBuildPhase;
			buildActionMask = 2147483647;
			files = (
			);
			inputFileListPaths = (
			);
			inputPaths = (
				"${PODS_PODFILE_DIR_PATH}/Podfile.lock",
				"${PODS_ROOT}/Manifest.lock",
			);
			name = "[CP] Check Pods Manifest.lock";
			outputFileListPaths = (
			);
			outputPaths = (
				"$(DERIVED_FILE_DIR)/Pods-Launchpad-checkManifestLockResult.txt",
			);
			runOnlyForDeploymentPostprocessing = 0;
			shellPath = /bin/sh;
			shellScript = "diff \"${PODS_PODFILE_DIR_PATH}/Podfile.lock\" \"${PODS_ROOT}/Manifest.lock\" > /dev/null\nif [ $? != 0 ] ; then\n    # print error to STDERR\n    echo \"error: The sandbox is not in sync with the Podfile.lock. Run 'pod install' or update your CocoaPods installation.\" >&2\n    exit 1\nfi\n# This output is used by Xcode 'outputs' to avoid re-running this script phase.\necho \"SUCCESS\" > \"${SCRIPT_OUTPUT_FILE_0}\"\n";
			showEnvVarsInLog = 0;
		};
		F90F7AF035D589C36DFD6C92 /* [CP] Embed Pods Frameworks */ = {
			isa = PBXShellScriptBuildPhase;
			buildActionMask = 2147483647;
			files = (
			);
			inputFileListPaths = (
				"${PODS_ROOT}/Target Support Files/Pods-Launchpad/Pods-Launchpad-frameworks-${CONFIGURATION}-input-files.xcfilelist",
			);
			name = "[CP] Embed Pods Frameworks";
			outputFileListPaths = (
				"${PODS_ROOT}/Target Support Files/Pods-Launchpad/Pods-Launchpad-frameworks-${CONFIGURATION}-output-files.xcfilelist",
			);
			runOnlyForDeploymentPostprocessing = 0;
			shellPath = /bin/sh;
			shellScript = "\"${PODS_ROOT}/Target Support Files/Pods-Launchpad/Pods-Launchpad-frameworks.sh\"\n";
			showEnvVarsInLog = 0;
		};
/* End PBXShellScriptBuildPhase section */

/* Begin PBXSourcesBuildPhase section */
		C563B88C24B126CB009293A4 /* Sources */ = {
			isa = PBXSourcesBuildPhase;
			buildActionMask = 2147483647;
			files = (
				C5508E4024B26FDE009E57E0 /* VehicleDetailViewController.swift in Sources */,
				C5508E3E24B22053009E57E0 /* LaunchDetailViewController.swift in Sources */,
				C5508E3C24B1F59E009E57E0 /* Launches.swift in Sources */,
				C5508E3A24B168F2009E57E0 /* Payload.swift in Sources */,
				C563B89824B126CB009293A4 /* ViewController.swift in Sources */,
				C563B89424B126CB009293A4 /* AppDelegate.swift in Sources */,
				C563B8AC24B13148009293A4 /* LaunchCell.swift in Sources */,
				C5508E3824B14578009E57E0 /* Launch.swift in Sources */,
				C563B89624B126CB009293A4 /* SceneDelegate.swift in Sources */,
			);
			runOnlyForDeploymentPostprocessing = 0;
		};
/* End PBXSourcesBuildPhase section */

/* Begin PBXVariantGroup section */
		C563B89924B126CB009293A4 /* Main.storyboard */ = {
			isa = PBXVariantGroup;
			children = (
				C563B89A24B126CB009293A4 /* Base */,
			);
			name = Main.storyboard;
			sourceTree = "<group>";
		};
		C563B89E24B126CD009293A4 /* LaunchScreen.storyboard */ = {
			isa = PBXVariantGroup;
			children = (
				C563B89F24B126CD009293A4 /* Base */,
			);
			name = LaunchScreen.storyboard;
			sourceTree = "<group>";
		};
/* End PBXVariantGroup section */

/* Begin XCBuildConfiguration section */
		C563B8A224B126CD009293A4 /* Debug */ = {
			isa = XCBuildConfiguration;
			buildSettings = {
				ALWAYS_SEARCH_USER_PATHS = NO;
				CLANG_ANALYZER_NONNULL = YES;
				CLANG_ANALYZER_NUMBER_OBJECT_CONVERSION = YES_AGGRESSIVE;
				CLANG_CXX_LANGUAGE_STANDARD = "gnu++14";
				CLANG_CXX_LIBRARY = "libc++";
				CLANG_ENABLE_MODULES = YES;
				CLANG_ENABLE_OBJC_ARC = YES;
				CLANG_ENABLE_OBJC_WEAK = YES;
				CLANG_WARN_BLOCK_CAPTURE_AUTORELEASING = YES;
				CLANG_WARN_BOOL_CONVERSION = YES;
				CLANG_WARN_COMMA = YES;
				CLANG_WARN_CONSTANT_CONVERSION = YES;
				CLANG_WARN_DEPRECATED_OBJC_IMPLEMENTATIONS = YES;
				CLANG_WARN_DIRECT_OBJC_ISA_USAGE = YES_ERROR;
				CLANG_WARN_DOCUMENTATION_COMMENTS = YES;
				CLANG_WARN_EMPTY_BODY = YES;
				CLANG_WARN_ENUM_CONVERSION = YES;
				CLANG_WARN_INFINITE_RECURSION = YES;
				CLANG_WARN_INT_CONVERSION = YES;
				CLANG_WARN_NON_LITERAL_NULL_CONVERSION = YES;
				CLANG_WARN_OBJC_IMPLICIT_RETAIN_SELF = YES;
				CLANG_WARN_OBJC_LITERAL_CONVERSION = YES;
				CLANG_WARN_OBJC_ROOT_CLASS = YES_ERROR;
				CLANG_WARN_RANGE_LOOP_ANALYSIS = YES;
				CLANG_WARN_STRICT_PROTOTYPES = YES;
				CLANG_WARN_SUSPICIOUS_MOVE = YES;
				CLANG_WARN_UNGUARDED_AVAILABILITY = YES_AGGRESSIVE;
				CLANG_WARN_UNREACHABLE_CODE = YES;
				CLANG_WARN__DUPLICATE_METHOD_MATCH = YES;
				COPY_PHASE_STRIP = NO;
				DEBUG_INFORMATION_FORMAT = dwarf;
				ENABLE_STRICT_OBJC_MSGSEND = YES;
				ENABLE_TESTABILITY = YES;
				GCC_C_LANGUAGE_STANDARD = gnu11;
				GCC_DYNAMIC_NO_PIC = NO;
				GCC_NO_COMMON_BLOCKS = YES;
				GCC_OPTIMIZATION_LEVEL = 0;
				GCC_PREPROCESSOR_DEFINITIONS = (
					"DEBUG=1",
					"$(inherited)",
				);
				GCC_WARN_64_TO_32_BIT_CONVERSION = YES;
				GCC_WARN_ABOUT_RETURN_TYPE = YES_ERROR;
				GCC_WARN_UNDECLARED_SELECTOR = YES;
				GCC_WARN_UNINITIALIZED_AUTOS = YES_AGGRESSIVE;
				GCC_WARN_UNUSED_FUNCTION = YES;
				GCC_WARN_UNUSED_VARIABLE = YES;
				IPHONEOS_DEPLOYMENT_TARGET = 13.4;
				MTL_ENABLE_DEBUG_INFO = INCLUDE_SOURCE;
				MTL_FAST_MATH = YES;
				ONLY_ACTIVE_ARCH = YES;
				SDKROOT = iphoneos;
				SWIFT_ACTIVE_COMPILATION_CONDITIONS = DEBUG;
				SWIFT_OPTIMIZATION_LEVEL = "-Onone";
			};
			name = Debug;
		};
		C563B8A324B126CD009293A4 /* Release */ = {
			isa = XCBuildConfiguration;
			buildSettings = {
				ALWAYS_SEARCH_USER_PATHS = NO;
				CLANG_ANALYZER_NONNULL = YES;
				CLANG_ANALYZER_NUMBER_OBJECT_CONVERSION = YES_AGGRESSIVE;
				CLANG_CXX_LANGUAGE_STANDARD = "gnu++14";
				CLANG_CXX_LIBRARY = "libc++";
				CLANG_ENABLE_MODULES = YES;
				CLANG_ENABLE_OBJC_ARC = YES;
				CLANG_ENABLE_OBJC_WEAK = YES;
				CLANG_WARN_BLOCK_CAPTURE_AUTORELEASING = YES;
				CLANG_WARN_BOOL_CONVERSION = YES;
				CLANG_WARN_COMMA = YES;
				CLANG_WARN_CONSTANT_CONVERSION = YES;
				CLANG_WARN_DEPRECATED_OBJC_IMPLEMENTATIONS = YES;
				CLANG_WARN_DIRECT_OBJC_ISA_USAGE = YES_ERROR;
				CLANG_WARN_DOCUMENTATION_COMMENTS = YES;
				CLANG_WARN_EMPTY_BODY = YES;
				CLANG_WARN_ENUM_CONVERSION = YES;
				CLANG_WARN_INFINITE_RECURSION = YES;
				CLANG_WARN_INT_CONVERSION = YES;
				CLANG_WARN_NON_LITERAL_NULL_CONVERSION = YES;
				CLANG_WARN_OBJC_IMPLICIT_RETAIN_SELF = YES;
				CLANG_WARN_OBJC_LITERAL_CONVERSION = YES;
				CLANG_WARN_OBJC_ROOT_CLASS = YES_ERROR;
				CLANG_WARN_RANGE_LOOP_ANALYSIS = YES;
				CLANG_WARN_STRICT_PROTOTYPES = YES;
				CLANG_WARN_SUSPICIOUS_MOVE = YES;
				CLANG_WARN_UNGUARDED_AVAILABILITY = YES_AGGRESSIVE;
				CLANG_WARN_UNREACHABLE_CODE = YES;
				CLANG_WARN__DUPLICATE_METHOD_MATCH = YES;
				COPY_PHASE_STRIP = NO;
				DEBUG_INFORMATION_FORMAT = "dwarf-with-dsym";
				ENABLE_NS_ASSERTIONS = NO;
				ENABLE_STRICT_OBJC_MSGSEND = YES;
				GCC_C_LANGUAGE_STANDARD = gnu11;
				GCC_NO_COMMON_BLOCKS = YES;
				GCC_WARN_64_TO_32_BIT_CONVERSION = YES;
				GCC_WARN_ABOUT_RETURN_TYPE = YES_ERROR;
				GCC_WARN_UNDECLARED_SELECTOR = YES;
				GCC_WARN_UNINITIALIZED_AUTOS = YES_AGGRESSIVE;
				GCC_WARN_UNUSED_FUNCTION = YES;
				GCC_WARN_UNUSED_VARIABLE = YES;
				IPHONEOS_DEPLOYMENT_TARGET = 13.4;
				MTL_ENABLE_DEBUG_INFO = NO;
				MTL_FAST_MATH = YES;
				SDKROOT = iphoneos;
				SWIFT_COMPILATION_MODE = wholemodule;
				SWIFT_OPTIMIZATION_LEVEL = "-O";
				VALIDATE_PRODUCT = YES;
			};
			name = Release;
		};
		C563B8A524B126CD009293A4 /* Debug */ = {
			isa = XCBuildConfiguration;
			baseConfigurationReference = 8B8CA8781EF0BA57E7175CDD /* Pods-Launchpad.debug.xcconfig */;
			buildSettings = {
				ASSETCATALOG_COMPILER_APPICON_NAME = AppIcon;
				CODE_SIGN_STYLE = Automatic;
				DEVELOPMENT_TEAM = NSTS32W8H5;
				INFOPLIST_FILE = Launchpad/Info.plist;
				IPHONEOS_DEPLOYMENT_TARGET = 13.0;
				LD_RUNPATH_SEARCH_PATHS = (
					"$(inherited)",
					"@executable_path/Frameworks",
				);
				PRODUCT_BUNDLE_IDENTIFIER = com.Borchetta.Launchpad;
				PRODUCT_NAME = "$(TARGET_NAME)";
				SWIFT_VERSION = 5.0;
				TARGETED_DEVICE_FAMILY = 1;
			};
			name = Debug;
		};
		C563B8A624B126CD009293A4 /* Release */ = {
			isa = XCBuildConfiguration;
			baseConfigurationReference = 603B0F1BAAED97AE304E11F6 /* Pods-Launchpad.release.xcconfig */;
			buildSettings = {
				ASSETCATALOG_COMPILER_APPICON_NAME = AppIcon;
				CODE_SIGN_STYLE = Automatic;
				DEVELOPMENT_TEAM = NSTS32W8H5;
				INFOPLIST_FILE = Launchpad/Info.plist;
				IPHONEOS_DEPLOYMENT_TARGET = 13.0;
				LD_RUNPATH_SEARCH_PATHS = (
					"$(inherited)",
					"@executable_path/Frameworks",
				);
				PRODUCT_BUNDLE_IDENTIFIER = com.Borchetta.Launchpad;
				PRODUCT_NAME = "$(TARGET_NAME)";
				SWIFT_VERSION = 5.0;
				TARGETED_DEVICE_FAMILY = 1;
			};
			name = Release;
		};
/* End XCBuildConfiguration section */

/* Begin XCConfigurationList section */
		C563B88B24B126CB009293A4 /* Build configuration list for PBXProject "Launchpad" */ = {
			isa = XCConfigurationList;
			buildConfigurations = (
				C563B8A224B126CD009293A4 /* Debug */,
				C563B8A324B126CD009293A4 /* Release */,
			);
			defaultConfigurationIsVisible = 0;
			defaultConfigurationName = Release;
		};
		C563B8A424B126CD009293A4 /* Build configuration list for PBXNativeTarget "Launchpad" */ = {
			isa = XCConfigurationList;
			buildConfigurations = (
				C563B8A524B126CD009293A4 /* Debug */,
				C563B8A624B126CD009293A4 /* Release */,
			);
			defaultConfigurationIsVisible = 0;
			defaultConfigurationName = Release;
		};
/* End XCConfigurationList section */
	};
	rootObject = C563B88824B126CB009293A4 /* Project object */;
}
